// !$*UTF8*$!
{
	archiveVersion = 1;
	classes = {
	};
	objectVersion = 50;
	objects = {

/* Begin PBXBuildFile section */
		2EC4532C26F77B3500789BFD /* FinalViewController.swift in Sources */ = {isa = PBXBuildFile; fileRef = 2EC4532A26F77B3500789BFD /* FinalViewController.swift */; };
		2EC4532D26F77B3500789BFD /* FinalViewController.xib in Resources */ = {isa = PBXBuildFile; fileRef = 2EC4532B26F77B3500789BFD /* FinalViewController.xib */; };
		65D33B3E26F640660052BADD /* AppDelegate.swift in Sources */ = {isa = PBXBuildFile; fileRef = 65D33B3D26F640660052BADD /* AppDelegate.swift */; };
		65D33B4726F640670052BADD /* Assets.xcassets in Resources */ = {isa = PBXBuildFile; fileRef = 65D33B4626F640670052BADD /* Assets.xcassets */; };
		65D33B4A26F640670052BADD /* LaunchScreen.storyboard in Resources */ = {isa = PBXBuildFile; fileRef = 65D33B4826F640670052BADD /* LaunchScreen.storyboard */; };
		65D33B5826F641450052BADD /* HomeViewController.swift in Sources */ = {isa = PBXBuildFile; fileRef = 65D33B5626F641450052BADD /* HomeViewController.swift */; };
		65D33B5926F641450052BADD /* HomeViewController.xib in Resources */ = {isa = PBXBuildFile; fileRef = 65D33B5726F641450052BADD /* HomeViewController.xib */; };
		65D33B6226F649DD0052BADD /* Colors.swift in Sources */ = {isa = PBXBuildFile; fileRef = 65D33B6126F649DD0052BADD /* Colors.swift */; };
		65D33B6426F64E710052BADD /* Strings.swift in Sources */ = {isa = PBXBuildFile; fileRef = 65D33B6326F64E710052BADD /* Strings.swift */; };
		65D33B6726F65B560052BADD /* Layout.swift in Sources */ = {isa = PBXBuildFile; fileRef = 65D33B6626F65B560052BADD /* Layout.swift */; };
		65D33B6A26F65CB30052BADD /* CGFloat+Extensions.swift in Sources */ = {isa = PBXBuildFile; fileRef = 65D33B6926F65CB30052BADD /* CGFloat+Extensions.swift */; };
		65D33B6E26F65E430052BADD /* QuestionViewController.swift in Sources */ = {isa = PBXBuildFile; fileRef = 65D33B6C26F65E430052BADD /* QuestionViewController.swift */; };
		65D33B6F26F65E430052BADD /* QuestionViewController.xib in Resources */ = {isa = PBXBuildFile; fileRef = 65D33B6D26F65E430052BADD /* QuestionViewController.xib */; };
		65D33B7326F667F00052BADD /* AlternativeTableViewCell.swift in Sources */ = {isa = PBXBuildFile; fileRef = 65D33B7126F667F00052BADD /* AlternativeTableViewCell.swift */; };
		65D33B7426F667F00052BADD /* AlternativeTableViewCell.xib in Resources */ = {isa = PBXBuildFile; fileRef = 65D33B7226F667F00052BADD /* AlternativeTableViewCell.xib */; };
		65D33B7A26F697120052BADD /* Question.swift in Sources */ = {isa = PBXBuildFile; fileRef = 65D33B7926F697120052BADD /* Question.swift */; };
		65D33B7C26F699600052BADD /* QuestionsManager.swift in Sources */ = {isa = PBXBuildFile; fileRef = 65D33B7B26F699600052BADD /* QuestionsManager.swift */; };
/* End PBXBuildFile section */

/* Begin PBXFileReference section */
		2EC4532A26F77B3500789BFD /* FinalViewController.swift */ = {isa = PBXFileReference; lastKnownFileType = sourcecode.swift; path = FinalViewController.swift; sourceTree = "<group>"; };
		2EC4532B26F77B3500789BFD /* FinalViewController.xib */ = {isa = PBXFileReference; lastKnownFileType = file.xib; path = FinalViewController.xib; sourceTree = "<group>"; };
		65D33B3A26F640660052BADD /* QuizzApp.app */ = {isa = PBXFileReference; explicitFileType = wrapper.application; includeInIndex = 0; path = QuizzApp.app; sourceTree = BUILT_PRODUCTS_DIR; };
		65D33B3D26F640660052BADD /* AppDelegate.swift */ = {isa = PBXFileReference; lastKnownFileType = sourcecode.swift; path = AppDelegate.swift; sourceTree = "<group>"; };
		65D33B4626F640670052BADD /* Assets.xcassets */ = {isa = PBXFileReference; lastKnownFileType = folder.assetcatalog; path = Assets.xcassets; sourceTree = "<group>"; };
		65D33B4926F640670052BADD /* Base */ = {isa = PBXFileReference; lastKnownFileType = file.storyboard; name = Base; path = Base.lproj/LaunchScreen.storyboard; sourceTree = "<group>"; };
		65D33B4B26F640670052BADD /* Info.plist */ = {isa = PBXFileReference; lastKnownFileType = text.plist.xml; path = Info.plist; sourceTree = "<group>"; };
		65D33B5626F641450052BADD /* HomeViewController.swift */ = {isa = PBXFileReference; lastKnownFileType = sourcecode.swift; path = HomeViewController.swift; sourceTree = "<group>"; };
		65D33B5726F641450052BADD /* HomeViewController.xib */ = {isa = PBXFileReference; lastKnownFileType = file.xib; path = HomeViewController.xib; sourceTree = "<group>"; };
		65D33B6126F649DD0052BADD /* Colors.swift */ = {isa = PBXFileReference; lastKnownFileType = sourcecode.swift; path = Colors.swift; sourceTree = "<group>"; };
		65D33B6326F64E710052BADD /* Strings.swift */ = {isa = PBXFileReference; lastKnownFileType = sourcecode.swift; path = Strings.swift; sourceTree = "<group>"; };
		65D33B6626F65B560052BADD /* Layout.swift */ = {isa = PBXFileReference; lastKnownFileType = sourcecode.swift; path = Layout.swift; sourceTree = "<group>"; };
		65D33B6926F65CB30052BADD /* CGFloat+Extensions.swift */ = {isa = PBXFileReference; lastKnownFileType = sourcecode.swift; path = "CGFloat+Extensions.swift"; sourceTree = "<group>"; };
		65D33B6C26F65E430052BADD /* QuestionViewController.swift */ = {isa = PBXFileReference; lastKnownFileType = sourcecode.swift; path = QuestionViewController.swift; sourceTree = "<group>"; };
		65D33B6D26F65E430052BADD /* QuestionViewController.xib */ = {isa = PBXFileReference; lastKnownFileType = file.xib; path = QuestionViewController.xib; sourceTree = "<group>"; };
		65D33B7126F667F00052BADD /* AlternativeTableViewCell.swift */ = {isa = PBXFileReference; lastKnownFileType = sourcecode.swift; path = AlternativeTableViewCell.swift; sourceTree = "<group>"; };
		65D33B7226F667F00052BADD /* AlternativeTableViewCell.xib */ = {isa = PBXFileReference; lastKnownFileType = file.xib; path = AlternativeTableViewCell.xib; sourceTree = "<group>"; };
		65D33B7926F697120052BADD /* Question.swift */ = {isa = PBXFileReference; lastKnownFileType = sourcecode.swift; path = Question.swift; sourceTree = "<group>"; };
		65D33B7B26F699600052BADD /* QuestionsManager.swift */ = {isa = PBXFileReference; lastKnownFileType = sourcecode.swift; path = QuestionsManager.swift; sourceTree = "<group>"; };
/* End PBXFileReference section */

/* Begin PBXFrameworksBuildPhase section */
		65D33B3726F640660052BADD /* Frameworks */ = {
			isa = PBXFrameworksBuildPhase;
			buildActionMask = 2147483647;
			files = (
			);
			runOnlyForDeploymentPostprocessing = 0;
		};
/* End PBXFrameworksBuildPhase section */

/* Begin PBXGroup section */
		2EC4532926F77B2000789BFD /* Final */ = {
			isa = PBXGroup;
			children = (
				2EC4532A26F77B3500789BFD /* FinalViewController.swift */,
				2EC4532B26F77B3500789BFD /* FinalViewController.xib */,
			);
			path = Final;
			sourceTree = "<group>";
		};
		65D33B3126F640660052BADD = {
			isa = PBXGroup;
			children = (
				65D33B3C26F640660052BADD /* QuizzApp */,
				65D33B3B26F640660052BADD /* Products */,
			);
			sourceTree = "<group>";
		};
		65D33B3B26F640660052BADD /* Products */ = {
			isa = PBXGroup;
			children = (
				65D33B3A26F640660052BADD /* QuizzApp.app */,
			);
			name = Products;
			sourceTree = "<group>";
		};
		65D33B3C26F640660052BADD /* QuizzApp */ = {
			isa = PBXGroup;
			children = (
				65D33B7826F697050052BADD /* Models */,
				65D33B5126F640E50052BADD /* Source */,
				65D33B5426F641060052BADD /* Scenes */,
				65D33B5326F640F70052BADD /* Resources */,
			);
			path = QuizzApp;
			sourceTree = "<group>";
		};
		65D33B5126F640E50052BADD /* Source */ = {
			isa = PBXGroup;
			children = (
				65D33B3D26F640660052BADD /* AppDelegate.swift */,
			);
			path = Source;
			sourceTree = "<group>";
		};
		65D33B5326F640F70052BADD /* Resources */ = {
			isa = PBXGroup;
			children = (
				65D33B6826F65C900052BADD /* Extensions */,
				65D33B5B26F6499F0052BADD /* Constants */,
				65D33B4626F640670052BADD /* Assets.xcassets */,
				65D33B4826F640670052BADD /* LaunchScreen.storyboard */,
				65D33B4B26F640670052BADD /* Info.plist */,
			);
			path = Resources;
			sourceTree = "<group>";
		};
		65D33B5426F641060052BADD /* Scenes */ = {
			isa = PBXGroup;
			children = (
				2EC4532926F77B2000789BFD /* Final */,
				65D33B6B26F65E160052BADD /* Question */,
				65D33B5526F641340052BADD /* Home */,
			);
			path = Scenes;
			sourceTree = "<group>";
		};
		65D33B5526F641340052BADD /* Home */ = {
			isa = PBXGroup;
			children = (
				65D33B5626F641450052BADD /* HomeViewController.swift */,
				65D33B5726F641450052BADD /* HomeViewController.xib */,
			);
			path = Home;
			sourceTree = "<group>";
		};
		65D33B5B26F6499F0052BADD /* Constants */ = {
			isa = PBXGroup;
			children = (
				65D33B6126F649DD0052BADD /* Colors.swift */,
				65D33B6326F64E710052BADD /* Strings.swift */,
				65D33B6626F65B560052BADD /* Layout.swift */,
			);
			path = Constants;
			sourceTree = "<group>";
		};
		65D33B6826F65C900052BADD /* Extensions */ = {
			isa = PBXGroup;
			children = (
				65D33B6926F65CB30052BADD /* CGFloat+Extensions.swift */,
			);
			path = Extensions;
			sourceTree = "<group>";
		};
		65D33B6B26F65E160052BADD /* Question */ = {
			isa = PBXGroup;
			children = (
				65D33B7526F667FC0052BADD /* Cell */,
				65D33B6C26F65E430052BADD /* QuestionViewController.swift */,
				65D33B6D26F65E430052BADD /* QuestionViewController.xib */,
			);
			path = Question;
			sourceTree = "<group>";
		};
		65D33B7526F667FC0052BADD /* Cell */ = {
			isa = PBXGroup;
			children = (
				65D33B7126F667F00052BADD /* AlternativeTableViewCell.swift */,
				65D33B7226F667F00052BADD /* AlternativeTableViewCell.xib */,
			);
			path = Cell;
			sourceTree = "<group>";
		};
		65D33B7826F697050052BADD /* Models */ = {
			isa = PBXGroup;
			children = (
				65D33B7926F697120052BADD /* Question.swift */,
				65D33B7B26F699600052BADD /* QuestionsManager.swift */,
			);
			path = Models;
			sourceTree = "<group>";
		};
/* End PBXGroup section */

/* Begin PBXNativeTarget section */
		65D33B3926F640660052BADD /* QuizzApp */ = {
			isa = PBXNativeTarget;
			buildConfigurationList = 65D33B4E26F640670052BADD /* Build configuration list for PBXNativeTarget "QuizzApp" */;
			buildPhases = (
				65D33B3626F640660052BADD /* Sources */,
				65D33B3726F640660052BADD /* Frameworks */,
				65D33B3826F640660052BADD /* Resources */,
			);
			buildRules = (
			);
			dependencies = (
			);
			name = QuizzApp;
			productName = QuizzApp;
			productReference = 65D33B3A26F640660052BADD /* QuizzApp.app */;
			productType = "com.apple.product-type.application";
		};
/* End PBXNativeTarget section */

/* Begin PBXProject section */
		65D33B3226F640660052BADD /* Project object */ = {
			isa = PBXProject;
			attributes = {
				LastSwiftUpdateCheck = 1250;
				LastUpgradeCheck = 1250;
				TargetAttributes = {
					65D33B3926F640660052BADD = {
						CreatedOnToolsVersion = 12.5.1;
					};
				};
			};
			buildConfigurationList = 65D33B3526F640660052BADD /* Build configuration list for PBXProject "QuizzApp" */;
			compatibilityVersion = "Xcode 9.3";
			developmentRegion = en;
			hasScannedForEncodings = 0;
			knownRegions = (
				en,
				Base,
			);
			mainGroup = 65D33B3126F640660052BADD;
			productRefGroup = 65D33B3B26F640660052BADD /* Products */;
			projectDirPath = "";
			projectRoot = "";
			targets = (
				65D33B3926F640660052BADD /* QuizzApp */,
			);
		};
/* End PBXProject section */

/* Begin PBXResourcesBuildPhase section */
		65D33B3826F640660052BADD /* Resources */ = {
			isa = PBXResourcesBuildPhase;
			buildActionMask = 2147483647;
			files = (
				65D33B4A26F640670052BADD /* LaunchScreen.storyboard in Resources */,
				65D33B4726F640670052BADD /* Assets.xcassets in Resources */,
				65D33B6F26F65E430052BADD /* QuestionViewController.xib in Resources */,
				65D33B5926F641450052BADD /* HomeViewController.xib in Resources */,
				65D33B7426F667F00052BADD /* AlternativeTableViewCell.xib in Resources */,
				2EC4532D26F77B3500789BFD /* FinalViewController.xib in Resources */,
			);
			runOnlyForDeploymentPostprocessing = 0;
		};
/* End PBXResourcesBuildPhase section */

/* Begin PBXSourcesBuildPhase section */
		65D33B3626F640660052BADD /* Sources */ = {
			isa = PBXSourcesBuildPhase;
			buildActionMask = 2147483647;
			files = (
				65D33B3E26F640660052BADD /* AppDelegate.swift in Sources */,
				65D33B7C26F699600052BADD /* QuestionsManager.swift in Sources */,
				65D33B5826F641450052BADD /* HomeViewController.swift in Sources */,
				65D33B6E26F65E430052BADD /* QuestionViewController.swift in Sources */,
				65D33B7A26F697120052BADD /* Question.swift in Sources */,
				65D33B7326F667F00052BADD /* AlternativeTableViewCell.swift in Sources */,
				2EC4532C26F77B3500789BFD /* FinalViewController.swift in Sources */,
				65D33B6726F65B560052BADD /* Layout.swift in Sources */,
				65D33B6426F64E710052BADD /* Strings.swift in Sources */,
				65D33B6A26F65CB30052BADD /* CGFloat+Extensions.swift in Sources */,
				65D33B6226F649DD0052BADD /* Colors.swift in Sources */,
			);
			runOnlyForDeploymentPostprocessing = 0;
		};
/* End PBXSourcesBuildPhase section */

/* Begin PBXVariantGroup section */
		65D33B4826F640670052BADD /* LaunchScreen.storyboard */ = {
			isa = PBXVariantGroup;
			children = (
				65D33B4926F640670052BADD /* Base */,
			);
			name = LaunchScreen.storyboard;
			sourceTree = "<group>";
		};
/* End PBXVariantGroup section */

/* Begin XCBuildConfiguration section */
		65D33B4C26F640670052BADD /* Debug */ = {
			isa = XCBuildConfiguration;
			buildSettings = {
				ALWAYS_SEARCH_USER_PATHS = NO;
				CLANG_ANALYZER_NONNULL = YES;
				CLANG_ANALYZER_NUMBER_OBJECT_CONVERSION = YES_AGGRESSIVE;
				CLANG_CXX_LANGUAGE_STANDARD = "gnu++14";
				CLANG_CXX_LIBRARY = "libc++";
				CLANG_ENABLE_MODULES = YES;
				CLANG_ENABLE_OBJC_ARC = YES;
				CLANG_ENABLE_OBJC_WEAK = YES;
				CLANG_WARN_BLOCK_CAPTURE_AUTORELEASING = YES;
				CLANG_WARN_BOOL_CONVERSION = YES;
				CLANG_WARN_COMMA = YES;
				CLANG_WARN_CONSTANT_CONVERSION = YES;
				CLANG_WARN_DEPRECATED_OBJC_IMPLEMENTATIONS = YES;
				CLANG_WARN_DIRECT_OBJC_ISA_USAGE = YES_ERROR;
				CLANG_WARN_DOCUMENTATION_COMMENTS = YES;
				CLANG_WARN_EMPTY_BODY = YES;
				CLANG_WARN_ENUM_CONVERSION = YES;
				CLANG_WARN_INFINITE_RECURSION = YES;
				CLANG_WARN_INT_CONVERSION = YES;
				CLANG_WARN_NON_LITERAL_NULL_CONVERSION = YES;
				CLANG_WARN_OBJC_IMPLICIT_RETAIN_SELF = YES;
				CLANG_WARN_OBJC_LITERAL_CONVERSION = YES;
				CLANG_WARN_OBJC_ROOT_CLASS = YES_ERROR;
				CLANG_WARN_QUOTED_INCLUDE_IN_FRAMEWORK_HEADER = YES;
				CLANG_WARN_RANGE_LOOP_ANALYSIS = YES;
				CLANG_WARN_STRICT_PROTOTYPES = YES;
				CLANG_WARN_SUSPICIOUS_MOVE = YES;
				CLANG_WARN_UNGUARDED_AVAILABILITY = YES_AGGRESSIVE;
				CLANG_WARN_UNREACHABLE_CODE = YES;
				CLANG_WARN__DUPLICATE_METHOD_MATCH = YES;
				COPY_PHASE_STRIP = NO;
				DEBUG_INFORMATION_FORMAT = dwarf;
				ENABLE_STRICT_OBJC_MSGSEND = YES;
				ENABLE_TESTABILITY = YES;
				GCC_C_LANGUAGE_STANDARD = gnu11;
				GCC_DYNAMIC_NO_PIC = NO;
				GCC_NO_COMMON_BLOCKS = YES;
				GCC_OPTIMIZATION_LEVEL = 0;
				GCC_PREPROCESSOR_DEFINITIONS = (
					"DEBUG=1",
					"$(inherited)",
				);
				GCC_WARN_64_TO_32_BIT_CONVERSION = YES;
				GCC_WARN_ABOUT_RETURN_TYPE = YES_ERROR;
				GCC_WARN_UNDECLARED_SELECTOR = YES;
				GCC_WARN_UNINITIALIZED_AUTOS = YES_AGGRESSIVE;
				GCC_WARN_UNUSED_FUNCTION = YES;
				GCC_WARN_UNUSED_VARIABLE = YES;
				IPHONEOS_DEPLOYMENT_TARGET = 14.5;
				MTL_ENABLE_DEBUG_INFO = INCLUDE_SOURCE;
				MTL_FAST_MATH = YES;
				ONLY_ACTIVE_ARCH = YES;
				SDKROOT = iphoneos;
				SWIFT_ACTIVE_COMPILATION_CONDITIONS = DEBUG;
				SWIFT_OPTIMIZATION_LEVEL = "-Onone";
			};
			name = Debug;
		};
		65D33B4D26F640670052BADD /* Release */ = {
			isa = XCBuildConfiguration;
			buildSettings = {
				ALWAYS_SEARCH_USER_PATHS = NO;
				CLANG_ANALYZER_NONNULL = YES;
				CLANG_ANALYZER_NUMBER_OBJECT_CONVERSION = YES_AGGRESSIVE;
				CLANG_CXX_LANGUAGE_STANDARD = "gnu++14";
				CLANG_CXX_LIBRARY = "libc++";
				CLANG_ENABLE_MODULES = YES;
				CLANG_ENABLE_OBJC_ARC = YES;
				CLANG_ENABLE_OBJC_WEAK = YES;
				CLANG_WARN_BLOCK_CAPTURE_AUTORELEASING = YES;
				CLANG_WARN_BOOL_CONVERSION = YES;
				CLANG_WARN_COMMA = YES;
				CLANG_WARN_CONSTANT_CONVERSION = YES;
				CLANG_WARN_DEPRECATED_OBJC_IMPLEMENTATIONS = YES;
				CLANG_WARN_DIRECT_OBJC_ISA_USAGE = YES_ERROR;
				CLANG_WARN_DOCUMENTATION_COMMENTS = YES;
				CLANG_WARN_EMPTY_BODY = YES;
				CLANG_WARN_ENUM_CONVERSION = YES;
				CLANG_WARN_INFINITE_RECURSION = YES;
				CLANG_WARN_INT_CONVERSION = YES;
				CLANG_WARN_NON_LITERAL_NULL_CONVERSION = YES;
				CLANG_WARN_OBJC_IMPLICIT_RETAIN_SELF = YES;
				CLANG_WARN_OBJC_LITERAL_CONVERSION = YES;
				CLANG_WARN_OBJC_ROOT_CLASS = YES_ERROR;
				CLANG_WARN_QUOTED_INCLUDE_IN_FRAMEWORK_HEADER = YES;
				CLANG_WARN_RANGE_LOOP_ANALYSIS = YES;
				CLANG_WARN_STRICT_PROTOTYPES = YES;
				CLANG_WARN_SUSPICIOUS_MOVE = YES;
				CLANG_WARN_UNGUARDED_AVAILABILITY = YES_AGGRESSIVE;
				CLANG_WARN_UNREACHABLE_CODE = YES;
				CLANG_WARN__DUPLICATE_METHOD_MATCH = YES;
				COPY_PHASE_STRIP = NO;
				DEBUG_INFORMATION_FORMAT = "dwarf-with-dsym";
				ENABLE_NS_ASSERTIONS = NO;
				ENABLE_STRICT_OBJC_MSGSEND = YES;
				GCC_C_LANGUAGE_STANDARD = gnu11;
				GCC_NO_COMMON_BLOCKS = YES;
				GCC_WARN_64_TO_32_BIT_CONVERSION = YES;
				GCC_WARN_ABOUT_RETURN_TYPE = YES_ERROR;
				GCC_WARN_UNDECLARED_SELECTOR = YES;
				GCC_WARN_UNINITIALIZED_AUTOS = YES_AGGRESSIVE;
				GCC_WARN_UNUSED_FUNCTION = YES;
				GCC_WARN_UNUSED_VARIABLE = YES;
				IPHONEOS_DEPLOYMENT_TARGET = 14.5;
				MTL_ENABLE_DEBUG_INFO = NO;
				MTL_FAST_MATH = YES;
				SDKROOT = iphoneos;
				SWIFT_COMPILATION_MODE = wholemodule;
				SWIFT_OPTIMIZATION_LEVEL = "-O";
				VALIDATE_PRODUCT = YES;
			};
			name = Release;
		};
		65D33B4F26F640670052BADD /* Debug */ = {
			isa = XCBuildConfiguration;
			buildSettings = {
				ASSETCATALOG_COMPILER_APPICON_NAME = AppIcon;
				ASSETCATALOG_COMPILER_GLOBAL_ACCENT_COLOR_NAME = AccentColor;
				CODE_SIGN_STYLE = Automatic;
				DEVELOPMENT_TEAM = A9976965C3;
				INFOPLIST_FILE = QuizzApp/Resources/Info.plist;
				IPHONEOS_DEPLOYMENT_TARGET = 12.1;
				LD_RUNPATH_SEARCH_PATHS = (
					"$(inherited)",
					"@executable_path/Frameworks",
				);
				PRODUCT_BUNDLE_IDENTIFIER = com.andrealmeida.QuizzApp;
				PRODUCT_NAME = "$(TARGET_NAME)";
				SWIFT_VERSION = 5.0;
				TARGETED_DEVICE_FAMILY = 1;
			};
			name = Debug;
		};
		65D33B5026F640670052BADD /* Release */ = {
			isa = XCBuildConfiguration;
			buildSettings = {
				ASSETCATALOG_COMPILER_APPICON_NAME = AppIcon;
				ASSETCATALOG_COMPILER_GLOBAL_ACCENT_COLOR_NAME = AccentColor;
				CODE_SIGN_STYLE = Automatic;
				DEVELOPMENT_TEAM = A9976965C3;
				INFOPLIST_FILE = QuizzApp/Resources/Info.plist;
				IPHONEOS_DEPLOYMENT_TARGET = 12.1;
				LD_RUNPATH_SEARCH_PATHS = (
					"$(inherited)",
					"@executable_path/Frameworks",
				);
				PRODUCT_BUNDLE_IDENTIFIER = com.andrealmeida.QuizzApp;
				PRODUCT_NAME = "$(TARGET_NAME)";
				SWIFT_VERSION = 5.0;
				TARGETED_DEVICE_FAMILY = 1;
			};
			name = Release;
		};
/* End XCBuildConfiguration section */

/* Begin XCConfigurationList section */
		65D33B3526F640660052BADD /* Build configuration list for PBXProject "QuizzApp" */ = {
			isa = XCConfigurationList;
			buildConfigurations = (
				65D33B4C26F640670052BADD /* Debug */,
				65D33B4D26F640670052BADD /* Release */,
			);
			defaultConfigurationIsVisible = 0;
			defaultConfigurationName = Release;
		};
		65D33B4E26F640670052BADD /* Build configuration list for PBXNativeTarget "QuizzApp" */ = {
			isa = XCConfigurationList;
			buildConfigurations = (
				65D33B4F26F640670052BADD /* Debug */,
				65D33B5026F640670052BADD /* Release */,
			);
			defaultConfigurationIsVisible = 0;
			defaultConfigurationName = Release;
		};
/* End XCConfigurationList section */
	};
	rootObject = 65D33B3226F640660052BADD /* Project object */;
}
